
Microsoft Visual Studio Solution File, Format Version 12.00
# Visual Studio Version 16
VisualStudioVersion = 16.0.30309.148
MinimumVisualStudioVersion = 10.0.40219.1
Project("{9A19103F-16F7-4668-BE54-9A1E7A4F7556}") = "N-Arry.Test", "N-Arry.Test\N-Arry.Test.csproj", "{23A392D4-7E90-4319-BA5F-001E3EE6170F}"
EndProject
Project("{9A19103F-16F7-4668-BE54-9A1E7A4F7556}") = "N-Ary.Playground", "N-Ary.Playground\N-Ary.Playground.csproj", "{9F3C1CA4-32BC-4223-819C-E9254C0B8614}"
EndProject
Global
	GlobalSection(SolutionConfigurationPlatforms) = preSolution
		Debug|Any CPU = Debug|Any CPU
		Release|Any CPU = Release|Any CPU
	EndGlobalSection
	GlobalSection(ProjectConfigurationPlatforms) = postSolution
		{23A392D4-7E90-4319-BA5F-001E3EE6170F}.Debug|Any CPU.ActiveCfg = Debug|Any CPU
		{23A392D4-7E90-4319-BA5F-001E3EE6170F}.Debug|Any CPU.Build.0 = Debug|Any CPU
		{23A392D4-7E90-4319-BA5F-001E3EE6170F}.Release|Any CPU.ActiveCfg = Release|Any CPU
		{23A392D4-7E90-4319-BA5F-001E3EE6170F}.Release|Any CPU.Build.0 = Release|Any CPU
		{9F3C1CA4-32BC-4223-819C-E9254C0B8614}.Debug|Any CPU.ActiveCfg = Debug|Any CPU
		{9F3C1CA4-32BC-4223-819C-E9254C0B8614}.Debug|Any CPU.Build.0 = Debug|Any CPU
		{9F3C1CA4-32BC-4223-819C-E9254C0B8614}.Release|Any CPU.ActiveCfg = Release|Any CPU
		{9F3C1CA4-32BC-4223-819C-E9254C0B8614}.Release|Any CPU.Build.0 = Release|Any CPU
	EndGlobalSection
	GlobalSection(SolutionProperties) = preSolution
		HideSolutionNode = FALSE
	EndGlobalSection
	GlobalSection(ExtensibilityGlobals) = postSolution
		SolutionGuid = {06F2D05C-D1DB-4CD3-B65A-A4EA359B8D55}
	EndGlobalSection
EndGlobal
